
Microsoft Visual Studio Solution File, Format Version 12.00
# Visual Studio Version 17
VisualStudioVersion = 17.8.34322.80
MinimumVisualStudioVersion = 10.0.40219.1
Project("{2150E333-8FDC-42A3-9474-1A3956D46DE8}") = "ApplicationCore", "ApplicationCore", "{22BDF72F-A90D-47B3-A400-11BF21D58C88}"
EndProject
Project("{2150E333-8FDC-42A3-9474-1A3956D46DE8}") = "DomainService", "DomainService", "{22FE72EF-CD40-457A-8F3E-6F1A2841A885}"
EndProject
Project("{2150E333-8FDC-42A3-9474-1A3956D46DE8}") = "Infrastructure", "Infrastructure", "{D6BE9988-B75A-4262-855F-75F9E1A0157F}"
EndProject
Project("{2150E333-8FDC-42A3-9474-1A3956D46DE8}") = "Presentation", "Presentation", "{E62D9E67-4BEF-4A1A-9064-5E771CA12C2E}"
EndProject
Project("{2150E333-8FDC-42A3-9474-1A3956D46DE8}") = "Solution Items", "Solution Items", "{C7EE8644-BAD0-428A-8C41-FFC8A31DDD57}"
	ProjectSection(SolutionItems) = preProject
		.editorconfig = .editorconfig
		Directory.Build.props = Directory.Build.props
		Directory.Packages.props = Directory.Packages.props
		nuget.config = nuget.config
	EndProjectSection
EndProject
Project("{2150E333-8FDC-42A3-9474-1A3956D46DE8}") = "Test", "Test", "{69FA7A65-D84C-496B-AC44-E74781C28AF5}"
EndProject
Project("{9A19103F-16F7-4668-BE54-9A1E7A4F7556}") = "Farsica.Template.Common", "ApplicationCore\Common\Farsica.Template.Common.csproj", "{9A905390-CA43-41A6-9E10-57F340CF523B}"
EndProject
Project("{9A19103F-16F7-4668-BE54-9A1E7A4F7556}") = "Farsica.Template.Data", "ApplicationCore\Data\Farsica.Template.Data.csproj", "{8FC83DCC-1C55-4AD3-9D52-9D4E0B937030}"
EndProject
Project("{9A19103F-16F7-4668-BE54-9A1E7A4F7556}") = "Farsica.Template.Shared", "ApplicationCore\Shared\Farsica.Template.Shared.csproj", "{C4E2BA17-1530-4C93-86F0-697228287D75}"
EndProject
Project("{9A19103F-16F7-4668-BE54-9A1E7A4F7556}") = "Farsica.Template.Resource", "ApplicationCore\Resource\Farsica.Template.Resource.csproj", "{7928F899-C9CB-4A65-8329-94DEC504D841}"
EndProject
Project("{9A19103F-16F7-4668-BE54-9A1E7A4F7556}") = "Farsica.Template.DomainService", "DomainService\Farsica.Template.DomainService.csproj", "{62644EE9-16B0-4888-BCC8-C28466B18D2E}"
EndProject
Project("{9A19103F-16F7-4668-BE54-9A1E7A4F7556}") = "Farsica.Template.Infrastructure", "Infrastructure\Farsica.Template.Infrastructure.csproj", "{B7F8EEAC-3869-415A-A10E-1977FA5D1C4D}"
EndProject
Project("{9A19103F-16F7-4668-BE54-9A1E7A4F7556}") = "Build", "Build\Build.csproj", "{4F8AE24C-B061-406A-A6E5-C3AF30186F6C}"
EndProject
Project("{9A19103F-16F7-4668-BE54-9A1E7A4F7556}") = "Farsica.Template.UI.Web", "Presentation\UI\Farsica.Template.UI.Web.csproj", "{199435A9-7350-4E35-9494-8FF075807CCE}"
EndProject
Project("{9A19103F-16F7-4668-BE54-9A1E7A4F7556}") = "Farsica.Template.Test", "Test\Farsica.Template.Test.csproj", "{74C604EB-6E20-44F7-A4C5-C7128FC212A9}"
EndProject
Global
	GlobalSection(SolutionConfigurationPlatforms) = preSolution
		Debug|Any CPU = Debug|Any CPU
		Beta|Any CPU = Beta|Any CPU
		Prod|Any CPU = Prod|Any CPU
		Stage|Any CPU = Stage|Any CPU
	EndGlobalSection
	GlobalSection(ProjectConfigurationPlatforms) = postSolution
		{9A905390-CA43-41A6-9E10-57F340CF523B}.Debug|Any CPU.ActiveCfg = Debug|Any CPU
		{9A905390-CA43-41A6-9E10-57F340CF523B}.Debug|Any CPU.Build.0 = Debug|Any CPU
		{9A905390-CA43-41A6-9E10-57F340CF523B}.Beta|Any CPU.ActiveCfg = Beta|Any CPU
		{9A905390-CA43-41A6-9E10-57F340CF523B}.Beta|Any CPU.Build.0 = Beta|Any CPU
		{9A905390-CA43-41A6-9E10-57F340CF523B}.Prod|Any CPU.ActiveCfg = Prod|Any CPU
		{9A905390-CA43-41A6-9E10-57F340CF523B}.Prod|Any CPU.Build.0 = Prod|Any CPU
		{9A905390-CA43-41A6-9E10-57F340CF523B}.Stage|Any CPU.ActiveCfg = Stage|Any CPU
		{9A905390-CA43-41A6-9E10-57F340CF523B}.Stage|Any CPU.Build.0 = Stage|Any CPU

		{8FC83DCC-1C55-4AD3-9D52-9D4E0B937030}.Debug|Any CPU.ActiveCfg = Debug|Any CPU
		{8FC83DCC-1C55-4AD3-9D52-9D4E0B937030}.Debug|Any CPU.Build.0 = Debug|Any CPU
		{8FC83DCC-1C55-4AD3-9D52-9D4E0B937030}.Beta|Any CPU.ActiveCfg = Beta|Any CPU
		{8FC83DCC-1C55-4AD3-9D52-9D4E0B937030}.Beta|Any CPU.Build.0 = Beta|Any CPU
		{8FC83DCC-1C55-4AD3-9D52-9D4E0B937030}.Prod|Any CPU.ActiveCfg = Prod|Any CPU
		{8FC83DCC-1C55-4AD3-9D52-9D4E0B937030}.Prod|Any CPU.Build.0 = Prod|Any CPU
		{8FC83DCC-1C55-4AD3-9D52-9D4E0B937030}.Stage|Any CPU.ActiveCfg = Stage|Any CPU
		{8FC83DCC-1C55-4AD3-9D52-9D4E0B937030}.Stage|Any CPU.Build.0 = Stage|Any CPU

		{C4E2BA17-1530-4C93-86F0-697228287D75}.Debug|Any CPU.ActiveCfg = Debug|Any CPU
		{C4E2BA17-1530-4C93-86F0-697228287D75}.Debug|Any CPU.Build.0 = Debug|Any CPU
		{C4E2BA17-1530-4C93-86F0-697228287D75}.Beta|Any CPU.ActiveCfg = Beta|Any CPU
		{C4E2BA17-1530-4C93-86F0-697228287D75}.Beta|Any CPU.Build.0 = Beta|Any CPU
		{C4E2BA17-1530-4C93-86F0-697228287D75}.Prod|Any CPU.ActiveCfg = Prod|Any CPU
		{C4E2BA17-1530-4C93-86F0-697228287D75}.Prod|Any CPU.Build.0 = Prod|Any CPU
		{C4E2BA17-1530-4C93-86F0-697228287D75}.Stage|Any CPU.ActiveCfg = Stage|Any CPU
		{C4E2BA17-1530-4C93-86F0-697228287D75}.Stage|Any CPU.Build.0 = Stage|Any CPU

		{7928F899-C9CB-4A65-8329-94DEC504D841}.Debug|Any CPU.ActiveCfg = Debug|Any CPU
		{7928F899-C9CB-4A65-8329-94DEC504D841}.Debug|Any CPU.Build.0 = Debug|Any CPU
		{7928F899-C9CB-4A65-8329-94DEC504D841}.Beta|Any CPU.ActiveCfg = Beta|Any CPU
		{7928F899-C9CB-4A65-8329-94DEC504D841}.Beta|Any CPU.Build.0 = Beta|Any CPU
		{7928F899-C9CB-4A65-8329-94DEC504D841}.Prod|Any CPU.ActiveCfg = Prod|Any CPU
		{7928F899-C9CB-4A65-8329-94DEC504D841}.Prod|Any CPU.Build.0 = Prod|Any CPU
		{7928F899-C9CB-4A65-8329-94DEC504D841}.Stage|Any CPU.ActiveCfg = Stage|Any CPU
		{7928F899-C9CB-4A65-8329-94DEC504D841}.Stage|Any CPU.Build.0 = Stage|Any CPU

		{62644EE9-16B0-4888-BCC8-C28466B18D2E}.Debug|Any CPU.ActiveCfg = Debug|Any CPU
		{62644EE9-16B0-4888-BCC8-C28466B18D2E}.Debug|Any CPU.Build.0 = Debug|Any CPU
		{62644EE9-16B0-4888-BCC8-C28466B18D2E}.Beta|Any CPU.ActiveCfg = Beta|Any CPU
		{62644EE9-16B0-4888-BCC8-C28466B18D2E}.Beta|Any CPU.Build.0 = Beta|Any CPU
		{62644EE9-16B0-4888-BCC8-C28466B18D2E}.Prod|Any CPU.ActiveCfg = Prod|Any CPU
		{62644EE9-16B0-4888-BCC8-C28466B18D2E}.Prod|Any CPU.Build.0 = Prod|Any CPU
		{62644EE9-16B0-4888-BCC8-C28466B18D2E}.Stage|Any CPU.ActiveCfg = Stage|Any CPU
		{62644EE9-16B0-4888-BCC8-C28466B18D2E}.Stage|Any CPU.Build.0 = Stage|Any CPU

		{B7F8EEAC-3869-415A-A10E-1977FA5D1C4D}.Debug|Any CPU.ActiveCfg = Debug|Any CPU
		{B7F8EEAC-3869-415A-A10E-1977FA5D1C4D}.Debug|Any CPU.Build.0 = Debug|Any CPU
		{B7F8EEAC-3869-415A-A10E-1977FA5D1C4D}.Beta|Any CPU.ActiveCfg = Beta|Any CPU
		{B7F8EEAC-3869-415A-A10E-1977FA5D1C4D}.Beta|Any CPU.Build.0 = Beta|Any CPU
		{B7F8EEAC-3869-415A-A10E-1977FA5D1C4D}.Prod|Any CPU.ActiveCfg = Prod|Any CPU
		{B7F8EEAC-3869-415A-A10E-1977FA5D1C4D}.Prod|Any CPU.Build.0 = Prod|Any CPU
		{B7F8EEAC-3869-415A-A10E-1977FA5D1C4D}.Stage|Any CPU.ActiveCfg = Stage|Any CPU
		{B7F8EEAC-3869-415A-A10E-1977FA5D1C4D}.Stage|Any CPU.Build.0 = Stage|Any CPU

		{4F8AE24C-B061-406A-A6E5-C3AF30186F6C}.Debug|Any CPU.ActiveCfg = Debug|Any CPU
		{4F8AE24C-B061-406A-A6E5-C3AF30186F6C}.Debug|Any CPU.Build.0 = Debug|Any CPU
		{4F8AE24C-B061-406A-A6E5-C3AF30186F6C}.Beta|Any CPU.ActiveCfg = Beta|Any CPU
		{4F8AE24C-B061-406A-A6E5-C3AF30186F6C}.Beta|Any CPU.Build.0 = Beta|Any CPU
		{4F8AE24C-B061-406A-A6E5-C3AF30186F6C}.Prod|Any CPU.ActiveCfg = Prod|Any CPU
		{4F8AE24C-B061-406A-A6E5-C3AF30186F6C}.Prod|Any CPU.Build.0 = Prod|Any CPU
		{4F8AE24C-B061-406A-A6E5-C3AF30186F6C}.Stage|Any CPU.ActiveCfg = Stage|Any CPU
		{4F8AE24C-B061-406A-A6E5-C3AF30186F6C}.Stage|Any CPU.Build.0 = Stage|Any CPU

		{199435A9-7350-4E35-9494-8FF075807CCE}.Debug|Any CPU.ActiveCfg = Debug|Any CPU
		{199435A9-7350-4E35-9494-8FF075807CCE}.Debug|Any CPU.Build.0 = Debug|Any CPU
		{199435A9-7350-4E35-9494-8FF075807CCE}.Beta|Any CPU.ActiveCfg = Beta|Any CPU
		{199435A9-7350-4E35-9494-8FF075807CCE}.Beta|Any CPU.Build.0 = Beta|Any CPU
		{199435A9-7350-4E35-9494-8FF075807CCE}.Prod|Any CPU.ActiveCfg = Prod|Any CPU
		{199435A9-7350-4E35-9494-8FF075807CCE}.Prod|Any CPU.Build.0 = Prod|Any CPU
		{199435A9-7350-4E35-9494-8FF075807CCE}.Stage|Any CPU.ActiveCfg = Stage|Any CPU
		{199435A9-7350-4E35-9494-8FF075807CCE}.Stage|Any CPU.Build.0 = Stage|Any CPU

		{74C604EB-6E20-44F7-A4C5-C7128FC212A9}.Debug|Any CPU.ActiveCfg = Debug|Any CPU
		{74C604EB-6E20-44F7-A4C5-C7128FC212A9}.Debug|Any CPU.Build.0 = Debug|Any CPU
		{74C604EB-6E20-44F7-A4C5-C7128FC212A9}.Beta|Any CPU.ActiveCfg = Beta|Any CPU
		{74C604EB-6E20-44F7-A4C5-C7128FC212A9}.Beta|Any CPU.Build.0 = Beta|Any CPU
		{74C604EB-6E20-44F7-A4C5-C7128FC212A9}.Prod|Any CPU.ActiveCfg = Prod|Any CPU
		{74C604EB-6E20-44F7-A4C5-C7128FC212A9}.Prod|Any CPU.Build.0 = Prod|Any CPU
		{74C604EB-6E20-44F7-A4C5-C7128FC212A9}.Stage|Any CPU.ActiveCfg = Stage|Any CPU
		{74C604EB-6E20-44F7-A4C5-C7128FC212A9}.Stage|Any CPU.Build.0 = Stage|Any CPU
	EndGlobalSection
	GlobalSection(SolutionProperties) = preSolution
		HideSolutionNode = FALSE
	EndGlobalSection
	GlobalSection(NestedProjects) = preSolution
		{9A905390-CA43-41A6-9E10-57F340CF523B} = {22BDF72F-A90D-47B3-A400-11BF21D58C88}
		{8FC83DCC-1C55-4AD3-9D52-9D4E0B937030} = {22BDF72F-A90D-47B3-A400-11BF21D58C88}
		{C4E2BA17-1530-4C93-86F0-697228287D75} = {22BDF72F-A90D-47B3-A400-11BF21D58C88}
		{7928F899-C9CB-4A65-8329-94DEC504D841} = {22BDF72F-A90D-47B3-A400-11BF21D58C88}
		{62644EE9-16B0-4888-BCC8-C28466B18D2E} = {22FE72EF-CD40-457A-8F3E-6F1A2841A885}
		{B7F8EEAC-3869-415A-A10E-1977FA5D1C4D} = {D6BE9988-B75A-4262-855F-75F9E1A0157F}
		{4F8AE24C-B061-406A-A6E5-C3AF30186F6C} = {C7EE8644-BAD0-428A-8C41-FFC8A31DDD57}
		{199435A9-7350-4E35-9494-8FF075807CCE} = {E62D9E67-4BEF-4A1A-9064-5E771CA12C2E}
		{74C604EB-6E20-44F7-A4C5-C7128FC212A9} = {69FA7A65-D84C-496B-AC44-E74781C28AF5}
	EndGlobalSection
	GlobalSection(ExtensibilityGlobals) = postSolution
		SolutionGuid = {D83DFB78-76C0-48D5-B6F2-1B6AF2819E4D}
	EndGlobalSection
EndGlobal
